<Solution>
  <Folder Name="/src/">
    <Project Path="src/Dangit.Cli/Dangit.Cli.fsproj" />
    <Project Path="src/Dangit.Core/Dangit.Core.fsproj" />
    <Project Path="src/Dangit.Rules/Dangit.Rules.fsproj" />
    <Project Path="src/Dangit.Telemetry/Dangit.Telemetry.fsproj" />
  </Folder>
  <Folder Name="/tests/">
    <Project Path="tests/Dangit.Tests/Dangit.Tests.fsproj" />
  </Folder>
</Solution>
